
Microsoft Visual Studio Solution File, Format Version 12.00
# Visual Studio Version 17
VisualStudioVersion = 17.5.33627.172
MinimumVisualStudioVersion = 10.0.40219.1
Project("{9A19103F-16F7-4668-BE54-9A1E7A4F7556}") = "PostgreSQL.Migrations", "PostgreSQL.Migrations.csproj", "{DB8F75FC-B3DF-4707-A292-4542B6E06FA5}"
EndProject
Project("{9A19103F-16F7-4668-BE54-9A1E7A4F7556}") = "PostgreSQL.Migrations.Tests", "..\PostgreSQL.Migrations.UnitTests\PostgreSQL.Migrations.Tests.csproj", "{8F97FB7B-1DA9-4318-8150-73D91CD7C9A7}"
EndProject
Project("{9A19103F-16F7-4668-BE54-9A1E7A4F7556}") = "Migrations.Console", "..\PostgreSQL.Migrations.Console\Migrations.Console.csproj", "{AAF067AD-E33C-466D-BD8C-087F42226339}"
EndProject
Project("{9A19103F-16F7-4668-BE54-9A1E7A4F7556}") = "PostgreSQL.Migrations.Console.Tests", "..\PostgreSQL.Migrations.Console.Tests\PostgreSQL.Migrations.Console.Tests.csproj", "{25034F45-5A2F-460E-A523-35747FA1CB34}"
EndProject
Project("{2150E333-8FDC-42A3-9474-1A3956D46DE8}") = "Solution Items", "Solution Items", "{E5194E7A-DA57-459F-BB5A-423871301697}"
	ProjectSection(SolutionItems) = preProject
		..\.editorconfig = ..\.editorconfig
	EndProjectSection
EndProject
Global
	GlobalSection(SolutionConfigurationPlatforms) = preSolution
		Debug|Any CPU = Debug|Any CPU
		Release|Any CPU = Release|Any CPU
	EndGlobalSection
	GlobalSection(ProjectConfigurationPlatforms) = postSolution
		{DB8F75FC-B3DF-4707-A292-4542B6E06FA5}.Debug|Any CPU.ActiveCfg = Debug|Any CPU
		{DB8F75FC-B3DF-4707-A292-4542B6E06FA5}.Debug|Any CPU.Build.0 = Debug|Any CPU
		{DB8F75FC-B3DF-4707-A292-4542B6E06FA5}.Release|Any CPU.ActiveCfg = Release|Any CPU
		{DB8F75FC-B3DF-4707-A292-4542B6E06FA5}.Release|Any CPU.Build.0 = Release|Any CPU
		{8F97FB7B-1DA9-4318-8150-73D91CD7C9A7}.Debug|Any CPU.ActiveCfg = Debug|Any CPU
		{8F97FB7B-1DA9-4318-8150-73D91CD7C9A7}.Debug|Any CPU.Build.0 = Debug|Any CPU
		{8F97FB7B-1DA9-4318-8150-73D91CD7C9A7}.Release|Any CPU.ActiveCfg = Release|Any CPU
		{8F97FB7B-1DA9-4318-8150-73D91CD7C9A7}.Release|Any CPU.Build.0 = Release|Any CPU
		{AAF067AD-E33C-466D-BD8C-087F42226339}.Debug|Any CPU.ActiveCfg = Debug|Any CPU
		{AAF067AD-E33C-466D-BD8C-087F42226339}.Debug|Any CPU.Build.0 = Debug|Any CPU
		{AAF067AD-E33C-466D-BD8C-087F42226339}.Release|Any CPU.ActiveCfg = Release|Any CPU
		{AAF067AD-E33C-466D-BD8C-087F42226339}.Release|Any CPU.Build.0 = Release|Any CPU
		{25034F45-5A2F-460E-A523-35747FA1CB34}.Debug|Any CPU.ActiveCfg = Debug|Any CPU
		{25034F45-5A2F-460E-A523-35747FA1CB34}.Debug|Any CPU.Build.0 = Debug|Any CPU
		{25034F45-5A2F-460E-A523-35747FA1CB34}.Release|Any CPU.ActiveCfg = Release|Any CPU
		{25034F45-5A2F-460E-A523-35747FA1CB34}.Release|Any CPU.Build.0 = Release|Any CPU
	EndGlobalSection
	GlobalSection(SolutionProperties) = preSolution
		HideSolutionNode = FALSE
	EndGlobalSection
	GlobalSection(ExtensibilityGlobals) = postSolution
		SolutionGuid = {8B5C9E71-4816-4162-85D9-3D38833EB0A6}
	EndGlobalSection
EndGlobal
