
Microsoft Visual Studio Solution File, Format Version 12.00
# Visual Studio Version 17
VisualStudioVersion = 17.5.33627.172
MinimumVisualStudioVersion = 10.0.40219.1
Project("{9A19103F-16F7-4668-BE54-9A1E7A4F7556}") = "PostgreSQL.Migrations", "PostgreSQL.Migrations.csproj", "{DB8F75FC-B3DF-4707-A292-4542B6E06FA5}"
EndProject
Project("{FAE04EC0-301F-11D3-BF4B-00C04F79EFBC}") = "PostgreSQL.Migrations.UnitTests", "..\PostgreSQL.Migrations.UnitTests\PostgreSQL.Migrations.UnitTests.csproj", "{8F97FB7B-1DA9-4318-8150-73D91CD7C9A7}"
EndProject
Global
	GlobalSection(SolutionConfigurationPlatforms) = preSolution
		Debug|Any CPU = Debug|Any CPU
		Release|Any CPU = Release|Any CPU
	EndGlobalSection
	GlobalSection(ProjectConfigurationPlatforms) = postSolution
		{DB8F75FC-B3DF-4707-A292-4542B6E06FA5}.Debug|Any CPU.ActiveCfg = Debug|Any CPU
		{DB8F75FC-B3DF-4707-A292-4542B6E06FA5}.Debug|Any CPU.Build.0 = Debug|Any CPU
		{DB8F75FC-B3DF-4707-A292-4542B6E06FA5}.Release|Any CPU.ActiveCfg = Release|Any CPU
		{DB8F75FC-B3DF-4707-A292-4542B6E06FA5}.Release|Any CPU.Build.0 = Release|Any CPU
		{8F97FB7B-1DA9-4318-8150-73D91CD7C9A7}.Debug|Any CPU.ActiveCfg = Debug|Any CPU
		{8F97FB7B-1DA9-4318-8150-73D91CD7C9A7}.Debug|Any CPU.Build.0 = Debug|Any CPU
		{8F97FB7B-1DA9-4318-8150-73D91CD7C9A7}.Release|Any CPU.ActiveCfg = Release|Any CPU
		{8F97FB7B-1DA9-4318-8150-73D91CD7C9A7}.Release|Any CPU.Build.0 = Release|Any CPU
	EndGlobalSection
	GlobalSection(SolutionProperties) = preSolution
		HideSolutionNode = FALSE
	EndGlobalSection
	GlobalSection(ExtensibilityGlobals) = postSolution
		SolutionGuid = {8B5C9E71-4816-4162-85D9-3D38833EB0A6}
	EndGlobalSection
EndGlobal
